
Microsoft Visual Studio Solution File, Format Version 12.00
# Visual Studio 15
VisualStudioVersion = 15.0.28307.1022
MinimumVisualStudioVersion = 10.0.40219.1
Project("{FAE04EC0-301F-11D3-BF4B-00C04F79EFBC}") = "software-engineer", "software-engineer\software-engineer.csproj", "{9CFEE1AE-A488-4CC2-ADA2-3D14A882851E}"
EndProject
Global
	GlobalSection(SolutionConfigurationPlatforms) = preSolution
		Debug|Any CPU = Debug|Any CPU
		Release|Any CPU = Release|Any CPU
	EndGlobalSection
	GlobalSection(ProjectConfigurationPlatforms) = postSolution
		{9CFEE1AE-A488-4CC2-ADA2-3D14A882851E}.Debug|Any CPU.ActiveCfg = Debug|Any CPU
		{9CFEE1AE-A488-4CC2-ADA2-3D14A882851E}.Debug|Any CPU.Build.0 = Debug|Any CPU
		{9CFEE1AE-A488-4CC2-ADA2-3D14A882851E}.Release|Any CPU.ActiveCfg = Release|Any CPU
		{9CFEE1AE-A488-4CC2-ADA2-3D14A882851E}.Release|Any CPU.Build.0 = Release|Any CPU
	EndGlobalSection
	GlobalSection(SolutionProperties) = preSolution
		HideSolutionNode = FALSE
	EndGlobalSection
	GlobalSection(ExtensibilityGlobals) = postSolution
		SolutionGuid = {5FF63619-06A7-446A-A174-AC3D204B084C}
	EndGlobalSection
EndGlobal
